
Microsoft Visual Studio Solution File, Format Version 12.00
# Visual Studio 15
VisualStudioVersion = 15.0.26124.0
MinimumVisualStudioVersion = 15.0.26124.0
Project("{FAE04EC0-301F-11D3-BF4B-00C04F79EFBC}") = "Nexxera.WEBAPI", "Nexxera.WEBAPI\Nexxera.WEBAPI.csproj", "{CBA5948A-5649-4002-B57D-5A13F43580A2}"
EndProject
Project("{FAE04EC0-301F-11D3-BF4B-00C04F79EFBC}") = "Nexxera.Repository", "Nexxera.Repository\Nexxera.Repository.csproj", "{7ECC5EAA-04C2-41A1-BEED-CEC1B2C6C7A4}"
EndProject
Project("{FAE04EC0-301F-11D3-BF4B-00C04F79EFBC}") = "Nexxera.Domain", "Nexxera.Domain\Nexxera.Domain.csproj", "{3F2BC6D1-F652-40D5-B79E-8EAEBB20AF55}"
EndProject
Global
	GlobalSection(SolutionConfigurationPlatforms) = preSolution
		Debug|Any CPU = Debug|Any CPU
		Debug|x64 = Debug|x64
		Debug|x86 = Debug|x86
		Release|Any CPU = Release|Any CPU
		Release|x64 = Release|x64
		Release|x86 = Release|x86
	EndGlobalSection
	GlobalSection(SolutionProperties) = preSolution
		HideSolutionNode = FALSE
	EndGlobalSection
	GlobalSection(ProjectConfigurationPlatforms) = postSolution
		{CBA5948A-5649-4002-B57D-5A13F43580A2}.Debug|Any CPU.ActiveCfg = Debug|Any CPU
		{CBA5948A-5649-4002-B57D-5A13F43580A2}.Debug|Any CPU.Build.0 = Debug|Any CPU
		{CBA5948A-5649-4002-B57D-5A13F43580A2}.Debug|x64.ActiveCfg = Debug|Any CPU
		{CBA5948A-5649-4002-B57D-5A13F43580A2}.Debug|x64.Build.0 = Debug|Any CPU
		{CBA5948A-5649-4002-B57D-5A13F43580A2}.Debug|x86.ActiveCfg = Debug|Any CPU
		{CBA5948A-5649-4002-B57D-5A13F43580A2}.Debug|x86.Build.0 = Debug|Any CPU
		{CBA5948A-5649-4002-B57D-5A13F43580A2}.Release|Any CPU.ActiveCfg = Release|Any CPU
		{CBA5948A-5649-4002-B57D-5A13F43580A2}.Release|Any CPU.Build.0 = Release|Any CPU
		{CBA5948A-5649-4002-B57D-5A13F43580A2}.Release|x64.ActiveCfg = Release|Any CPU
		{CBA5948A-5649-4002-B57D-5A13F43580A2}.Release|x64.Build.0 = Release|Any CPU
		{CBA5948A-5649-4002-B57D-5A13F43580A2}.Release|x86.ActiveCfg = Release|Any CPU
		{CBA5948A-5649-4002-B57D-5A13F43580A2}.Release|x86.Build.0 = Release|Any CPU
		{7ECC5EAA-04C2-41A1-BEED-CEC1B2C6C7A4}.Debug|Any CPU.ActiveCfg = Debug|Any CPU
		{7ECC5EAA-04C2-41A1-BEED-CEC1B2C6C7A4}.Debug|Any CPU.Build.0 = Debug|Any CPU
		{7ECC5EAA-04C2-41A1-BEED-CEC1B2C6C7A4}.Debug|x64.ActiveCfg = Debug|Any CPU
		{7ECC5EAA-04C2-41A1-BEED-CEC1B2C6C7A4}.Debug|x64.Build.0 = Debug|Any CPU
		{7ECC5EAA-04C2-41A1-BEED-CEC1B2C6C7A4}.Debug|x86.ActiveCfg = Debug|Any CPU
		{7ECC5EAA-04C2-41A1-BEED-CEC1B2C6C7A4}.Debug|x86.Build.0 = Debug|Any CPU
		{7ECC5EAA-04C2-41A1-BEED-CEC1B2C6C7A4}.Release|Any CPU.ActiveCfg = Release|Any CPU
		{7ECC5EAA-04C2-41A1-BEED-CEC1B2C6C7A4}.Release|Any CPU.Build.0 = Release|Any CPU
		{7ECC5EAA-04C2-41A1-BEED-CEC1B2C6C7A4}.Release|x64.ActiveCfg = Release|Any CPU
		{7ECC5EAA-04C2-41A1-BEED-CEC1B2C6C7A4}.Release|x64.Build.0 = Release|Any CPU
		{7ECC5EAA-04C2-41A1-BEED-CEC1B2C6C7A4}.Release|x86.ActiveCfg = Release|Any CPU
		{7ECC5EAA-04C2-41A1-BEED-CEC1B2C6C7A4}.Release|x86.Build.0 = Release|Any CPU
		{3F2BC6D1-F652-40D5-B79E-8EAEBB20AF55}.Debug|Any CPU.ActiveCfg = Debug|Any CPU
		{3F2BC6D1-F652-40D5-B79E-8EAEBB20AF55}.Debug|Any CPU.Build.0 = Debug|Any CPU
		{3F2BC6D1-F652-40D5-B79E-8EAEBB20AF55}.Debug|x64.ActiveCfg = Debug|Any CPU
		{3F2BC6D1-F652-40D5-B79E-8EAEBB20AF55}.Debug|x64.Build.0 = Debug|Any CPU
		{3F2BC6D1-F652-40D5-B79E-8EAEBB20AF55}.Debug|x86.ActiveCfg = Debug|Any CPU
		{3F2BC6D1-F652-40D5-B79E-8EAEBB20AF55}.Debug|x86.Build.0 = Debug|Any CPU
		{3F2BC6D1-F652-40D5-B79E-8EAEBB20AF55}.Release|Any CPU.ActiveCfg = Release|Any CPU
		{3F2BC6D1-F652-40D5-B79E-8EAEBB20AF55}.Release|Any CPU.Build.0 = Release|Any CPU
		{3F2BC6D1-F652-40D5-B79E-8EAEBB20AF55}.Release|x64.ActiveCfg = Release|Any CPU
		{3F2BC6D1-F652-40D5-B79E-8EAEBB20AF55}.Release|x64.Build.0 = Release|Any CPU
		{3F2BC6D1-F652-40D5-B79E-8EAEBB20AF55}.Release|x86.ActiveCfg = Release|Any CPU
		{3F2BC6D1-F652-40D5-B79E-8EAEBB20AF55}.Release|x86.Build.0 = Release|Any CPU
	EndGlobalSection
EndGlobal
